
Microsoft Visual Studio Solution File, Format Version 12.00
# Visual Studio Version 16
VisualStudioVersion = 16.0.32002.261
MinimumVisualStudioVersion = 10.0.40219.1
Project("{FAE04EC0-301F-11D3-BF4B-00C04F79EFBC}") = "WebApplication1", "WebApplication1\WebApplication1.csproj", "{96DCD010-EC77-4FC8-9CD9-1FB47749F6B5}"
EndProject
Global
	GlobalSection(SolutionConfigurationPlatforms) = preSolution
		Debug|Any CPU = Debug|Any CPU
		Release|Any CPU = Release|Any CPU
	EndGlobalSection
	GlobalSection(ProjectConfigurationPlatforms) = postSolution
		{96DCD010-EC77-4FC8-9CD9-1FB47749F6B5}.Debug|Any CPU.ActiveCfg = Debug|Any CPU
		{96DCD010-EC77-4FC8-9CD9-1FB47749F6B5}.Debug|Any CPU.Build.0 = Debug|Any CPU
		{96DCD010-EC77-4FC8-9CD9-1FB47749F6B5}.Release|Any CPU.ActiveCfg = Release|Any CPU
		{96DCD010-EC77-4FC8-9CD9-1FB47749F6B5}.Release|Any CPU.Build.0 = Release|Any CPU
	EndGlobalSection
	GlobalSection(SolutionProperties) = preSolution
		HideSolutionNode = FALSE
	EndGlobalSection
	GlobalSection(ExtensibilityGlobals) = postSolution
		SolutionGuid = {A29A0C4F-EE17-4B33-A03D-0732E302DD0D}
	EndGlobalSection
EndGlobal
